
Microsoft Visual Studio Solution File, Format Version 12.00
# Visual Studio Version 16
VisualStudioVersion = 16.0.30804.86
MinimumVisualStudioVersion = 10.0.40219.1
Project("{FAE04EC0-301F-11D3-BF4B-00C04F79EFBC}") = "PdflabsTask", "PdflabsTask\PdflabsTask.csproj", "{F28127ED-EF4C-4218-A6A1-C1FCE80AA2A0}"
EndProject
Global
	GlobalSection(SolutionConfigurationPlatforms) = preSolution
		Debug|Any CPU = Debug|Any CPU
		Release|Any CPU = Release|Any CPU
	EndGlobalSection
	GlobalSection(ProjectConfigurationPlatforms) = postSolution
		{F28127ED-EF4C-4218-A6A1-C1FCE80AA2A0}.Debug|Any CPU.ActiveCfg = Debug|Any CPU
		{F28127ED-EF4C-4218-A6A1-C1FCE80AA2A0}.Debug|Any CPU.Build.0 = Debug|Any CPU
		{F28127ED-EF4C-4218-A6A1-C1FCE80AA2A0}.Release|Any CPU.ActiveCfg = Release|Any CPU
		{F28127ED-EF4C-4218-A6A1-C1FCE80AA2A0}.Release|Any CPU.Build.0 = Release|Any CPU
	EndGlobalSection
	GlobalSection(SolutionProperties) = preSolution
		HideSolutionNode = FALSE
	EndGlobalSection
	GlobalSection(ExtensibilityGlobals) = postSolution
		SolutionGuid = {B6FFAF57-E0E8-451F-89EF-5FA56BD8F42A}
	EndGlobalSection
EndGlobal
